<?xml version="1.0" encoding="utf-8"?>
<Project ToolsVersion="4.0" xmlns="http://schemas.microsoft.com/developer/msbuild/2003">
  <ItemGroup>
    <Filter Include="Source Files">
      <UniqueIdentifier>{835a4270-af43-4902-b7d8-950a553752e0}</UniqueIdentifier>
      <Extensions>cpp;c;cxx;rc;def;r;odl;idl;hpj;bat</Extensions>
    </Filter>
    <Filter Include="Model">
      <UniqueIdentifier>{9aab8cfc-fe99-497d-a089-1b79febac531}</UniqueIdentifier>
    </Filter>
    <Filter Include="Controler">
      <UniqueIdentifier>{acffb325-6458-44e4-a7a8-8e4a2dc36804}</UniqueIdentifier>
    </Filter>
    <Filter Include="Window">
      <UniqueIdentifier>{94db89a5-73ad-4ab8-89f4-484fa47af6b0}</UniqueIdentifier>
    </Filter>
    <Filter Include="Utils">
      <UniqueIdentifier>{8819c578-b6d8-42c1-8f75-1e6e7871904b}</UniqueIdentifier>
    </Filter>
    <Filter Include="skin">
      <UniqueIdentifier>{20da26e5-de25-4f9c-ad4c-e6c9373d94e9}</UniqueIdentifier>
    </Filter>
  </ItemGroup>
  <ItemGroup>
    <ClCompile Include="Main.cpp">
      <Filter>Source Files</Filter>
    </ClCompile>
    <ClCompile Include="CUserInfo.cpp">
      <Filter>Model</Filter>
    </ClCompile>
    <ClCompile Include="CUserControler.cpp">
      <Filter>Controler</Filter>
    </ClCompile>
    <ClCompile Include="ListMainForm.cpp">
      <Filter>Window</Filter>
    </ClCompile>
    <ClCompile Include="CStringUtils.cpp">
      <Filter>Utils</Filter>
    </ClCompile>
    <ClCompile Include="CNetUtils.cpp">
      <Filter>Utils</Filter>
    </ClCompile>
  </ItemGroup>
  <ItemGroup>
    <ClInclude Include="CUserInfo.h">
      <Filter>Model</Filter>
    </ClInclude>
    <ClInclude Include="CUserControler.h">
      <Filter>Controler</Filter>
    </ClInclude>
    <ClInclude Include="ListMainForm.h">
      <Filter>Window</Filter>
    </ClInclude>
    <ClInclude Include="MenuWnd.h">
      <Filter>Window</Filter>
    </ClInclude>
    <ClInclude Include="StdAfx.h">
      <Filter>Source Files</Filter>
    </ClInclude>
    <ClInclude Include="CStringUtils.h">
      <Filter>Utils</Filter>
    </ClInclude>
    <ClInclude Include="CNetUtils.h">
      <Filter>Utils</Filter>
    </ClInclude>
  </ItemGroup>
  <ItemGroup>
    <Xml Include="..\bin\skin\ListRes\1.xml">
      <Filter>skin</Filter>
    </Xml>
    <Xml Include="..\bin\skin\ListRes\2.xml">
      <Filter>skin</Filter>
    </Xml>
    <Xml Include="..\bin\skin\ListRes\3.xml">
      <Filter>skin</Filter>
    </Xml>
    <Xml Include="..\bin\skin\ListRes\4.xml">
      <Filter>skin</Filter>
    </Xml>
    <Xml Include="..\bin\skin\ListRes\5.xml">
      <Filter>skin</Filter>
    </Xml>
    <Xml Include="..\bin\skin\ListRes\6.xml">
      <Filter>skin</Filter>
    </Xml>
    <Xml Include="..\bin\skin\ListRes\7.xml">
      <Filter>skin</Filter>
    </Xml>
    <Xml Include="..\bin\skin\ListRes\8.xml">
      <Filter>skin</Filter>
    </Xml>
    <Xml Include="..\bin\skin\ListRes\9.xml">
      <Filter>skin</Filter>
    </Xml>
    <Xml Include="..\bin\skin\ListRes\skin.xml">
      <Filter>skin</Filter>
    </Xml>
  </ItemGroup>
</Project>